
Microsoft Visual Studio Solution File, Format Version 12.00
# Visual Studio Version 16
VisualStudioVersion = 16.0.29613.14
MinimumVisualStudioVersion = 10.0.40219.1
Project("{9A19103F-16F7-4668-BE54-9A1E7A4F7556}") = "DotNetCoreSqlDb", "DotNetCoreSqlDb.csproj", "{6242B0CD-4E3C-44B6-87B0-2CE3DE5EB048}"
EndProject
Global
	GlobalSection(SolutionConfigurationPlatforms) = preSolution
		Debug|Any CPU = Debug|Any CPU
		Release|Any CPU = Release|Any CPU
	EndGlobalSection
	GlobalSection(ProjectConfigurationPlatforms) = postSolution
		{6242B0CD-4E3C-44B6-87B0-2CE3DE5EB048}.Debug|Any CPU.ActiveCfg = Debug|Any CPU
		{6242B0CD-4E3C-44B6-87B0-2CE3DE5EB048}.Debug|Any CPU.Build.0 = Debug|Any CPU
		{6242B0CD-4E3C-44B6-87B0-2CE3DE5EB048}.Release|Any CPU.ActiveCfg = Release|Any CPU
		{6242B0CD-4E3C-44B6-87B0-2CE3DE5EB048}.Release|Any CPU.Build.0 = Release|Any CPU
	EndGlobalSection
	GlobalSection(SolutionProperties) = preSolution
		HideSolutionNode = FALSE
	EndGlobalSection
	GlobalSection(ExtensibilityGlobals) = postSolution
		SolutionGuid = {7A60112A-83AB-4DE8-BC8E-583FF19F5E9F}
	EndGlobalSection
EndGlobal
